
Microsoft Visual Studio Solution File, Format Version 12.00
# Visual Studio Version 17
VisualStudioVersion = 17.10.35004.147
MinimumVisualStudioVersion = 10.0.40219.1
Project("{FAE04EC0-301F-11D3-BF4B-00C04F79EFBC}") = "BlogDataLibrary", "BlogDataLibrary\BlogDataLibrary.csproj", "{19E3F2B9-4A6D-439E-894D-2BBE249F9893}"
EndProject
Project("{00D1A9C2-B5F0-4AF3-8072-F6C62B433612}") = "MaglantayBlogDB", "MaglantayBlogDB\MaglantayBlogDB.sqlproj", "{1F5A7826-ACD3-4469-8C1B-2546E7FAB13A}"
EndProject
Project("{FAE04EC0-301F-11D3-BF4B-00C04F79EFBC}") = "BlogTestUI", "BlogTestUI\BlogTestUI.csproj", "{B11A0682-F9BF-4D7F-9AEA-2B787B16B839}"
EndProject
Global
	GlobalSection(SolutionConfigurationPlatforms) = preSolution
		Debug|Any CPU = Debug|Any CPU
		Release|Any CPU = Release|Any CPU
	EndGlobalSection
	GlobalSection(ProjectConfigurationPlatforms) = postSolution
		{19E3F2B9-4A6D-439E-894D-2BBE249F9893}.Debug|Any CPU.ActiveCfg = Debug|Any CPU
		{19E3F2B9-4A6D-439E-894D-2BBE249F9893}.Debug|Any CPU.Build.0 = Debug|Any CPU
		{19E3F2B9-4A6D-439E-894D-2BBE249F9893}.Release|Any CPU.ActiveCfg = Release|Any CPU
		{19E3F2B9-4A6D-439E-894D-2BBE249F9893}.Release|Any CPU.Build.0 = Release|Any CPU
		{1F5A7826-ACD3-4469-8C1B-2546E7FAB13A}.Debug|Any CPU.ActiveCfg = Debug|Any CPU
		{1F5A7826-ACD3-4469-8C1B-2546E7FAB13A}.Debug|Any CPU.Build.0 = Debug|Any CPU
		{1F5A7826-ACD3-4469-8C1B-2546E7FAB13A}.Debug|Any CPU.Deploy.0 = Debug|Any CPU
		{1F5A7826-ACD3-4469-8C1B-2546E7FAB13A}.Release|Any CPU.ActiveCfg = Release|Any CPU
		{1F5A7826-ACD3-4469-8C1B-2546E7FAB13A}.Release|Any CPU.Build.0 = Release|Any CPU
		{1F5A7826-ACD3-4469-8C1B-2546E7FAB13A}.Release|Any CPU.Deploy.0 = Release|Any CPU
		{B11A0682-F9BF-4D7F-9AEA-2B787B16B839}.Debug|Any CPU.ActiveCfg = Debug|Any CPU
		{B11A0682-F9BF-4D7F-9AEA-2B787B16B839}.Debug|Any CPU.Build.0 = Debug|Any CPU
		{B11A0682-F9BF-4D7F-9AEA-2B787B16B839}.Release|Any CPU.ActiveCfg = Release|Any CPU
		{B11A0682-F9BF-4D7F-9AEA-2B787B16B839}.Release|Any CPU.Build.0 = Release|Any CPU
	EndGlobalSection
	GlobalSection(SolutionProperties) = preSolution
		HideSolutionNode = FALSE
	EndGlobalSection
	GlobalSection(ExtensibilityGlobals) = postSolution
		SolutionGuid = {5FFD01A3-DED4-441F-B888-638BA24AEA06}
	EndGlobalSection
EndGlobal
